
Microsoft Visual Studio Solution File, Format Version 12.00
# Visual Studio Version 16
VisualStudioVersion = 16.0.31112.23
MinimumVisualStudioVersion = 10.0.40219.1
Project("{FAE04EC0-301F-11D3-BF4B-00C04F79EFBC}") = "client", "client\client.csproj", "{001E0CBD-6836-4B15-97A3-079C6420EBD2}"
EndProject
Project("{FAE04EC0-301F-11D3-BF4B-00C04F79EFBC}") = "server", "server\server.csproj", "{661B1B0E-2CEB-415B-878D-BA1CDA5436B5}"
EndProject
Project("{FAE04EC0-301F-11D3-BF4B-00C04F79EFBC}") = "server.dbaccess", "server.dbaccess\server.dbaccess.csproj", "{64EA7208-B16B-46EF-9B36-1B26A75260DE}"
EndProject
Global
	GlobalSection(SolutionConfigurationPlatforms) = preSolution
		Debug|Any CPU = Debug|Any CPU
		Release|Any CPU = Release|Any CPU
	EndGlobalSection
	GlobalSection(ProjectConfigurationPlatforms) = postSolution
		{001E0CBD-6836-4B15-97A3-079C6420EBD2}.Debug|Any CPU.ActiveCfg = Debug|Any CPU
		{001E0CBD-6836-4B15-97A3-079C6420EBD2}.Debug|Any CPU.Build.0 = Debug|Any CPU
		{001E0CBD-6836-4B15-97A3-079C6420EBD2}.Release|Any CPU.ActiveCfg = Release|Any CPU
		{001E0CBD-6836-4B15-97A3-079C6420EBD2}.Release|Any CPU.Build.0 = Release|Any CPU
		{661B1B0E-2CEB-415B-878D-BA1CDA5436B5}.Debug|Any CPU.ActiveCfg = Debug|Any CPU
		{661B1B0E-2CEB-415B-878D-BA1CDA5436B5}.Debug|Any CPU.Build.0 = Debug|Any CPU
		{661B1B0E-2CEB-415B-878D-BA1CDA5436B5}.Release|Any CPU.ActiveCfg = Release|Any CPU
		{661B1B0E-2CEB-415B-878D-BA1CDA5436B5}.Release|Any CPU.Build.0 = Release|Any CPU
		{64EA7208-B16B-46EF-9B36-1B26A75260DE}.Debug|Any CPU.ActiveCfg = Debug|Any CPU
		{64EA7208-B16B-46EF-9B36-1B26A75260DE}.Debug|Any CPU.Build.0 = Debug|Any CPU
		{64EA7208-B16B-46EF-9B36-1B26A75260DE}.Release|Any CPU.ActiveCfg = Release|Any CPU
		{64EA7208-B16B-46EF-9B36-1B26A75260DE}.Release|Any CPU.Build.0 = Release|Any CPU
	EndGlobalSection
	GlobalSection(SolutionProperties) = preSolution
		HideSolutionNode = FALSE
	EndGlobalSection
	GlobalSection(ExtensibilityGlobals) = postSolution
		SolutionGuid = {A79C917F-363F-4AE5-875A-07E8B7F896EB}
	EndGlobalSection
EndGlobal
